// !$*UTF8*$!
{
	archiveVersion = 1;
	classes = {
	};
	objectVersion = 48;
	objects = {

/* Begin PBXBuildFile section */
		D30B2FDA1F4AABE100495EBB /* AppDelegate.swift in Sources */ = {isa = PBXBuildFile; fileRef = D30B2FD91F4AABE100495EBB /* AppDelegate.swift */; };
		D30B2FDC1F4AABE100495EBB /* ViewController.swift in Sources */ = {isa = PBXBuildFile; fileRef = D30B2FDB1F4AABE100495EBB /* ViewController.swift */; };
		D30B2FDF1F4AABE100495EBB /* Main.storyboard in Resources */ = {isa = PBXBuildFile; fileRef = D30B2FDD1F4AABE100495EBB /* Main.storyboard */; };
		D30B2FE11F4AABE100495EBB /* Assets.xcassets in Resources */ = {isa = PBXBuildFile; fileRef = D30B2FE01F4AABE100495EBB /* Assets.xcassets */; };
		D30B2FE41F4AABE100495EBB /* LaunchScreen.storyboard in Resources */ = {isa = PBXBuildFile; fileRef = D30B2FE21F4AABE100495EBB /* LaunchScreen.storyboard */; };
		D30B2FEC1F4AAC4700495EBB /* MetalBaseView.swift in Sources */ = {isa = PBXBuildFile; fileRef = D30B2FEB1F4AAC4700495EBB /* MetalBaseView.swift */; };
		D30B2FEE1F4AB0ED00495EBB /* BrokenGlassEffectView.swift in Sources */ = {isa = PBXBuildFile; fileRef = D30B2FED1F4AB0ED00495EBB /* BrokenGlassEffectView.swift */; };
		D33F7FC81F4AB363009F5BF5 /* Shader.metal in Sources */ = {isa = PBXBuildFile; fileRef = D33F7FC71F4AB363009F5BF5 /* Shader.metal */; };
		D33F7FCC1F4AD591009F5BF5 /* GLKitSwift.swift in Sources */ = {isa = PBXBuildFile; fileRef = D33F7FCB1F4AD591009F5BF5 /* GLKitSwift.swift */; };
		D33F7FCE1F4ADFF5009F5BF5 /* texture.jpg in Resources */ = {isa = PBXBuildFile; fileRef = D33F7FCD1F4ADFF4009F5BF5 /* texture.jpg */; };
/* End PBXBuildFile section */

/* Begin PBXFileReference section */
		D30B2FD61F4AABE100495EBB /* BrokenGlassEffect.app */ = {isa = PBXFileReference; explicitFileType = wrapper.application; includeInIndex = 0; path = BrokenGlassEffect.app; sourceTree = BUILT_PRODUCTS_DIR; };
		D30B2FD91F4AABE100495EBB /* AppDelegate.swift */ = {isa = PBXFileReference; lastKnownFileType = sourcecode.swift; path = AppDelegate.swift; sourceTree = "<group>"; };
		D30B2FDB1F4AABE100495EBB /* ViewController.swift */ = {isa = PBXFileReference; lastKnownFileType = sourcecode.swift; path = ViewController.swift; sourceTree = "<group>"; };
		D30B2FDE1F4AABE100495EBB /* Base */ = {isa = PBXFileReference; lastKnownFileType = file.storyboard; name = Base; path = Base.lproj/Main.storyboard; sourceTree = "<group>"; };
		D30B2FE01F4AABE100495EBB /* Assets.xcassets */ = {isa = PBXFileReference; lastKnownFileType = folder.assetcatalog; path = Assets.xcassets; sourceTree = "<group>"; };
		D30B2FE31F4AABE100495EBB /* Base */ = {isa = PBXFileReference; lastKnownFileType = file.storyboard; name = Base; path = Base.lproj/LaunchScreen.storyboard; sourceTree = "<group>"; };
		D30B2FE51F4AABE100495EBB /* Info.plist */ = {isa = PBXFileReference; lastKnownFileType = text.plist.xml; path = Info.plist; sourceTree = "<group>"; };
		D30B2FEB1F4AAC4700495EBB /* MetalBaseView.swift */ = {isa = PBXFileReference; lastKnownFileType = sourcecode.swift; path = MetalBaseView.swift; sourceTree = "<group>"; };
		D30B2FED1F4AB0ED00495EBB /* BrokenGlassEffectView.swift */ = {isa = PBXFileReference; lastKnownFileType = sourcecode.swift; path = BrokenGlassEffectView.swift; sourceTree = "<group>"; };
		D33F7FC71F4AB363009F5BF5 /* Shader.metal */ = {isa = PBXFileReference; lastKnownFileType = sourcecode.metal; path = Shader.metal; sourceTree = "<group>"; };
		D33F7FCB1F4AD591009F5BF5 /* GLKitSwift.swift */ = {isa = PBXFileReference; lastKnownFileType = sourcecode.swift; path = GLKitSwift.swift; sourceTree = "<group>"; };
		D33F7FCD1F4ADFF4009F5BF5 /* texture.jpg */ = {isa = PBXFileReference; lastKnownFileType = image.jpeg; path = texture.jpg; sourceTree = "<group>"; };
/* End PBXFileReference section */

/* Begin PBXFrameworksBuildPhase section */
		D30B2FD31F4AABE100495EBB /* Frameworks */ = {
			isa = PBXFrameworksBuildPhase;
			buildActionMask = 2147483647;
			files = (
			);
			runOnlyForDeploymentPostprocessing = 0;
		};
/* End PBXFrameworksBuildPhase section */

/* Begin PBXGroup section */
		D30B2FCD1F4AABE100495EBB = {
			isa = PBXGroup;
			children = (
				D30B2FD81F4AABE100495EBB /* BrokenGlassEffect */,
				D30B2FD71F4AABE100495EBB /* Products */,
			);
			sourceTree = "<group>";
		};
		D30B2FD71F4AABE100495EBB /* Products */ = {
			isa = PBXGroup;
			children = (
				D30B2FD61F4AABE100495EBB /* BrokenGlassEffect.app */,
			);
			name = Products;
			sourceTree = "<group>";
		};
		D30B2FD81F4AABE100495EBB /* BrokenGlassEffect */ = {
			isa = PBXGroup;
			children = (
				D33F7FCD1F4ADFF4009F5BF5 /* texture.jpg */,
				D30B2FD91F4AABE100495EBB /* AppDelegate.swift */,
				D30B2FDB1F4AABE100495EBB /* ViewController.swift */,
				D30B2FDD1F4AABE100495EBB /* Main.storyboard */,
				D30B2FE01F4AABE100495EBB /* Assets.xcassets */,
				D30B2FE21F4AABE100495EBB /* LaunchScreen.storyboard */,
				D30B2FE51F4AABE100495EBB /* Info.plist */,
				D30B2FEB1F4AAC4700495EBB /* MetalBaseView.swift */,
				D30B2FED1F4AB0ED00495EBB /* BrokenGlassEffectView.swift */,
				D33F7FC71F4AB363009F5BF5 /* Shader.metal */,
				D33F7FCB1F4AD591009F5BF5 /* GLKitSwift.swift */,
			);
			path = BrokenGlassEffect;
			sourceTree = "<group>";
		};
/* End PBXGroup section */

/* Begin PBXNativeTarget section */
		D30B2FD51F4AABE100495EBB /* BrokenGlassEffect */ = {
			isa = PBXNativeTarget;
			buildConfigurationList = D30B2FE81F4AABE100495EBB /* Build configuration list for PBXNativeTarget "BrokenGlassEffect" */;
			buildPhases = (
				D30B2FD21F4AABE100495EBB /* Sources */,
				D30B2FD31F4AABE100495EBB /* Frameworks */,
				D30B2FD41F4AABE100495EBB /* Resources */,
			);
			buildRules = (
			);
			dependencies = (
			);
			name = BrokenGlassEffect;
			productName = BrokenGlassEffect;
			productReference = D30B2FD61F4AABE100495EBB /* BrokenGlassEffect.app */;
			productType = "com.apple.product-type.application";
		};
/* End PBXNativeTarget section */

/* Begin PBXProject section */
		D30B2FCE1F4AABE100495EBB /* Project object */ = {
			isa = PBXProject;
			attributes = {
				LastSwiftUpdateCheck = 0900;
				LastUpgradeCheck = 0900;
				ORGANIZATIONNAME = ocean;
				TargetAttributes = {
					D30B2FD51F4AABE100495EBB = {
						CreatedOnToolsVersion = 9.0;
					};
				};
			};
			buildConfigurationList = D30B2FD11F4AABE100495EBB /* Build configuration list for PBXProject "BrokenGlassEffect" */;
			compatibilityVersion = "Xcode 8.0";
			developmentRegion = en;
			hasScannedForEncodings = 0;
			knownRegions = (
				en,
				Base,
			);
			mainGroup = D30B2FCD1F4AABE100495EBB;
			productRefGroup = D30B2FD71F4AABE100495EBB /* Products */;
			projectDirPath = "";
			projectRoot = "";
			targets = (
				D30B2FD51F4AABE100495EBB /* BrokenGlassEffect */,
			);
		};
/* End PBXProject section */

/* Begin PBXResourcesBuildPhase section */
		D30B2FD41F4AABE100495EBB /* Resources */ = {
			isa = PBXResourcesBuildPhase;
			buildActionMask = 2147483647;
			files = (
				D33F7FCE1F4ADFF5009F5BF5 /* texture.jpg in Resources */,
				D30B2FE41F4AABE100495EBB /* LaunchScreen.storyboard in Resources */,
				D30B2FE11F4AABE100495EBB /* Assets.xcassets in Resources */,
				D30B2FDF1F4AABE100495EBB /* Main.storyboard in Resources */,
			);
			runOnlyForDeploymentPostprocessing = 0;
		};
/* End PBXResourcesBuildPhase section */

/* Begin PBXSourcesBuildPhase section */
		D30B2FD21F4AABE100495EBB /* Sources */ = {
			isa = PBXSourcesBuildPhase;
			buildActionMask = 2147483647;
			files = (
				D30B2FDC1F4AABE100495EBB /* ViewController.swift in Sources */,
				D30B2FEE1F4AB0ED00495EBB /* BrokenGlassEffectView.swift in Sources */,
				D30B2FDA1F4AABE100495EBB /* AppDelegate.swift in Sources */,
				D33F7FC81F4AB363009F5BF5 /* Shader.metal in Sources */,
				D30B2FEC1F4AAC4700495EBB /* MetalBaseView.swift in Sources */,
				D33F7FCC1F4AD591009F5BF5 /* GLKitSwift.swift in Sources */,
			);
			runOnlyForDeploymentPostprocessing = 0;
		};
/* End PBXSourcesBuildPhase section */

/* Begin PBXVariantGroup section */
		D30B2FDD1F4AABE100495EBB /* Main.storyboard */ = {
			isa = PBXVariantGroup;
			children = (
				D30B2FDE1F4AABE100495EBB /* Base */,
			);
			name = Main.storyboard;
			sourceTree = "<group>";
		};
		D30B2FE21F4AABE100495EBB /* LaunchScreen.storyboard */ = {
			isa = PBXVariantGroup;
			children = (
				D30B2FE31F4AABE100495EBB /* Base */,
			);
			name = LaunchScreen.storyboard;
			sourceTree = "<group>";
		};
/* End PBXVariantGroup section */

/* Begin XCBuildConfiguration section */
		D30B2FE61F4AABE100495EBB /* Debug */ = {
			isa = XCBuildConfiguration;
			buildSettings = {
				ALWAYS_SEARCH_USER_PATHS = NO;
				CLANG_ANALYZER_NONNULL = YES;
				CLANG_ANALYZER_NUMBER_OBJECT_CONVERSION = YES_AGGRESSIVE;
				CLANG_CXX_LANGUAGE_STANDARD = "gnu++14";
				CLANG_CXX_LIBRARY = "libc++";
				CLANG_ENABLE_MODULES = YES;
				CLANG_ENABLE_OBJC_ARC = YES;
				CLANG_WARN_BLOCK_CAPTURE_AUTORELEASING = YES;
				CLANG_WARN_BOOL_CONVERSION = YES;
				CLANG_WARN_COMMA = YES;
				CLANG_WARN_CONSTANT_CONVERSION = YES;
				CLANG_WARN_DIRECT_OBJC_ISA_USAGE = YES_ERROR;
				CLANG_WARN_DOCUMENTATION_COMMENTS = YES;
				CLANG_WARN_EMPTY_BODY = YES;
				CLANG_WARN_ENUM_CONVERSION = YES;
				CLANG_WARN_INFINITE_RECURSION = YES;
				CLANG_WARN_INT_CONVERSION = YES;
				CLANG_WARN_NON_LITERAL_NULL_CONVERSION = YES;
				CLANG_WARN_OBJC_LITERAL_CONVERSION = YES;
				CLANG_WARN_OBJC_ROOT_CLASS = YES_ERROR;
				CLANG_WARN_RANGE_LOOP_ANALYSIS = YES;
				CLANG_WARN_STRICT_PROTOTYPES = YES;
				CLANG_WARN_SUSPICIOUS_MOVE = YES;
				CLANG_WARN_UNGUARDED_AVAILABILITY = YES_AGGRESSIVE;
				CLANG_WARN_UNREACHABLE_CODE = YES;
				CLANG_WARN__DUPLICATE_METHOD_MATCH = YES;
				CODE_SIGN_IDENTITY = "iPhone Developer";
				COPY_PHASE_STRIP = NO;
				DEBUG_INFORMATION_FORMAT = dwarf;
				ENABLE_STRICT_OBJC_MSGSEND = YES;
				ENABLE_TESTABILITY = YES;
				GCC_C_LANGUAGE_STANDARD = gnu11;
				GCC_DYNAMIC_NO_PIC = NO;
				GCC_NO_COMMON_BLOCKS = YES;
				GCC_OPTIMIZATION_LEVEL = 0;
				GCC_PREPROCESSOR_DEFINITIONS = (
					"DEBUG=1",
					"$(inherited)",
				);
				GCC_WARN_64_TO_32_BIT_CONVERSION = YES;
				GCC_WARN_ABOUT_RETURN_TYPE = YES_ERROR;
				GCC_WARN_UNDECLARED_SELECTOR = YES;
				GCC_WARN_UNINITIALIZED_AUTOS = YES_AGGRESSIVE;
				GCC_WARN_UNUSED_FUNCTION = YES;
				GCC_WARN_UNUSED_VARIABLE = YES;
				IPHONEOS_DEPLOYMENT_TARGET = 11.0;
				MTL_ENABLE_DEBUG_INFO = YES;
				ONLY_ACTIVE_ARCH = YES;
				SDKROOT = iphoneos;
				SWIFT_ACTIVE_COMPILATION_CONDITIONS = DEBUG;
				SWIFT_OPTIMIZATION_LEVEL = "-Onone";
			};
			name = Debug;
		};
		D30B2FE71F4AABE100495EBB /* Release */ = {
			isa = XCBuildConfiguration;
			buildSettings = {
				ALWAYS_SEARCH_USER_PATHS = NO;
				CLANG_ANALYZER_NONNULL = YES;
				CLANG_ANALYZER_NUMBER_OBJECT_CONVERSION = YES_AGGRESSIVE;
				CLANG_CXX_LANGUAGE_STANDARD = "gnu++14";
				CLANG_CXX_LIBRARY = "libc++";
				CLANG_ENABLE_MODULES = YES;
				CLANG_ENABLE_OBJC_ARC = YES;
				CLANG_WARN_BLOCK_CAPTURE_AUTORELEASING = YES;
				CLANG_WARN_BOOL_CONVERSION = YES;
				CLANG_WARN_COMMA = YES;
				CLANG_WARN_CONSTANT_CONVERSION = YES;
				CLANG_WARN_DIRECT_OBJC_ISA_USAGE = YES_ERROR;
				CLANG_WARN_DOCUMENTATION_COMMENTS = YES;
				CLANG_WARN_EMPTY_BODY = YES;
				CLANG_WARN_ENUM_CONVERSION = YES;
				CLANG_WARN_INFINITE_RECURSION = YES;
				CLANG_WARN_INT_CONVERSION = YES;
				CLANG_WARN_NON_LITERAL_NULL_CONVERSION = YES;
				CLANG_WARN_OBJC_LITERAL_CONVERSION = YES;
				CLANG_WARN_OBJC_ROOT_CLASS = YES_ERROR;
				CLANG_WARN_RANGE_LOOP_ANALYSIS = YES;
				CLANG_WARN_STRICT_PROTOTYPES = YES;
				CLANG_WARN_SUSPICIOUS_MOVE = YES;
				CLANG_WARN_UNGUARDED_AVAILABILITY = YES_AGGRESSIVE;
				CLANG_WARN_UNREACHABLE_CODE = YES;
				CLANG_WARN__DUPLICATE_METHOD_MATCH = YES;
				CODE_SIGN_IDENTITY = "iPhone Developer";
				COPY_PHASE_STRIP = NO;
				DEBUG_INFORMATION_FORMAT = "dwarf-with-dsym";
				ENABLE_NS_ASSERTIONS = NO;
				ENABLE_STRICT_OBJC_MSGSEND = YES;
				GCC_C_LANGUAGE_STANDARD = gnu11;
				GCC_NO_COMMON_BLOCKS = YES;
				GCC_WARN_64_TO_32_BIT_CONVERSION = YES;
				GCC_WARN_ABOUT_RETURN_TYPE = YES_ERROR;
				GCC_WARN_UNDECLARED_SELECTOR = YES;
				GCC_WARN_UNINITIALIZED_AUTOS = YES_AGGRESSIVE;
				GCC_WARN_UNUSED_FUNCTION = YES;
				GCC_WARN_UNUSED_VARIABLE = YES;
				IPHONEOS_DEPLOYMENT_TARGET = 11.0;
				MTL_ENABLE_DEBUG_INFO = NO;
				SDKROOT = iphoneos;
				SWIFT_OPTIMIZATION_LEVEL = "-Owholemodule";
				VALIDATE_PRODUCT = YES;
			};
			name = Release;
		};
		D30B2FE91F4AABE100495EBB /* Debug */ = {
			isa = XCBuildConfiguration;
			buildSettings = {
				ASSETCATALOG_COMPILER_APPICON_NAME = AppIcon;
				DEVELOPMENT_TEAM = P48344HVQL;
				INFOPLIST_FILE = BrokenGlassEffect/Info.plist;
				LD_RUNPATH_SEARCH_PATHS = "$(inherited) @executable_path/Frameworks";
				PRODUCT_BUNDLE_IDENTIFIER = me.ocean.BrokenGlassEffect;
				PRODUCT_NAME = "$(TARGET_NAME)";
				SWIFT_VERSION = 4.0;
				TARGETED_DEVICE_FAMILY = "1,2";
			};
			name = Debug;
		};
		D30B2FEA1F4AABE100495EBB /* Release */ = {
			isa = XCBuildConfiguration;
			buildSettings = {
				ASSETCATALOG_COMPILER_APPICON_NAME = AppIcon;
				DEVELOPMENT_TEAM = P48344HVQL;
				INFOPLIST_FILE = BrokenGlassEffect/Info.plist;
				LD_RUNPATH_SEARCH_PATHS = "$(inherited) @executable_path/Frameworks";
				PRODUCT_BUNDLE_IDENTIFIER = me.ocean.BrokenGlassEffect;
				PRODUCT_NAME = "$(TARGET_NAME)";
				SWIFT_VERSION = 4.0;
				TARGETED_DEVICE_FAMILY = "1,2";
			};
			name = Release;
		};
/* End XCBuildConfiguration section */

/* Begin XCConfigurationList section */
		D30B2FD11F4AABE100495EBB /* Build configuration list for PBXProject "BrokenGlassEffect" */ = {
			isa = XCConfigurationList;
			buildConfigurations = (
				D30B2FE61F4AABE100495EBB /* Debug */,
				D30B2FE71F4AABE100495EBB /* Release */,
			);
			defaultConfigurationIsVisible = 0;
			defaultConfigurationName = Release;
		};
		D30B2FE81F4AABE100495EBB /* Build configuration list for PBXNativeTarget "BrokenGlassEffect" */ = {
			isa = XCConfigurationList;
			buildConfigurations = (
				D30B2FE91F4AABE100495EBB /* Debug */,
				D30B2FEA1F4AABE100495EBB /* Release */,
			);
			defaultConfigurationIsVisible = 0;
			defaultConfigurationName = Release;
		};
/* End XCConfigurationList section */
	};
	rootObject = D30B2FCE1F4AABE100495EBB /* Project object */;
}
